
Microsoft Visual Studio Solution File, Format Version 12.00
# Visual Studio 15
VisualStudioVersion = 15.0.27703.2026
MinimumVisualStudioVersion = 10.0.40219.1
Project("{FAE04EC0-301F-11D3-BF4B-00C04F79EFBC}") = "TLog.Core", "TLog.Core\TLog.Core.csproj", "{D6F5F209-6185-4239-B72A-2A1D89764F97}"
EndProject
Project("{2150E333-8FDC-42A3-9474-1A3956D46DE8}") = "Demo", "Demo", "{5943EF4F-57F7-4784-8670-010F313DB8FC}"
EndProject
Project("{2150E333-8FDC-42A3-9474-1A3956D46DE8}") = "Service1", "Service1", "{F745818A-5331-4167-85FA-C2891CD6D6C7}"
EndProject
Project("{2150E333-8FDC-42A3-9474-1A3956D46DE8}") = "Service2", "Service2", "{FE93970C-6F17-408B-AECE-CF11AC647A07}"
EndProject
Project("{2150E333-8FDC-42A3-9474-1A3956D46DE8}") = "ClientWinform", "ClientWinform", "{8DA9FA5E-74C5-4237-973E-B532A48479EC}"
EndProject
Project("{FAE04EC0-301F-11D3-BF4B-00C04F79EFBC}") = "Ser1.IContract", "Ser1.IContract\Ser1.IContract.csproj", "{5C1AE427-047F-46F2-A7EB-23334B0AB9C2}"
EndProject
Project("{FAE04EC0-301F-11D3-BF4B-00C04F79EFBC}") = "Ser1.Service", "Ser1.Service\Ser1.Service.csproj", "{F4D8E31F-C700-4D34-87AD-6F3547E77DCE}"
EndProject
Project("{FAE04EC0-301F-11D3-BF4B-00C04F79EFBC}") = "Ser1.WcfHelper", "Ser1.WcfHelper\Ser1.WcfHelper.csproj", "{74F26D2F-3051-4849-8D75-2B305582AB48}"
EndProject
Project("{FAE04EC0-301F-11D3-BF4B-00C04F79EFBC}") = "ClientWinForm", "ClientWinForm\ClientWinForm.csproj", "{091B9308-8301-4FD0-8E0C-0A6C57BAB1C4}"
EndProject
Project("{FAE04EC0-301F-11D3-BF4B-00C04F79EFBC}") = "Ser1.Host", "Ser1.Host\Ser1.Host.csproj", "{82782475-4B5F-437B-A942-C9B45D63A0C9}"
EndProject
Project("{2150E333-8FDC-42A3-9474-1A3956D46DE8}") = "Tools", "Tools", "{443757EE-0429-423E-B2CC-55D899E8257E}"
EndProject
Project("{FAE04EC0-301F-11D3-BF4B-00C04F79EFBC}") = "TLog.SysLogCollector", "TLog.SysLogCollector\TLog.SysLogCollector.csproj", "{39AD457D-91A3-4BD6-9D54-D4AC7BDA76A6}"
EndProject
Global
	GlobalSection(SolutionConfigurationPlatforms) = preSolution
		Debug|Any CPU = Debug|Any CPU
		Release|Any CPU = Release|Any CPU
	EndGlobalSection
	GlobalSection(ProjectConfigurationPlatforms) = postSolution
		{D6F5F209-6185-4239-B72A-2A1D89764F97}.Debug|Any CPU.ActiveCfg = Debug|Any CPU
		{D6F5F209-6185-4239-B72A-2A1D89764F97}.Debug|Any CPU.Build.0 = Debug|Any CPU
		{D6F5F209-6185-4239-B72A-2A1D89764F97}.Release|Any CPU.ActiveCfg = Release|Any CPU
		{D6F5F209-6185-4239-B72A-2A1D89764F97}.Release|Any CPU.Build.0 = Release|Any CPU
		{5C1AE427-047F-46F2-A7EB-23334B0AB9C2}.Debug|Any CPU.ActiveCfg = Debug|Any CPU
		{5C1AE427-047F-46F2-A7EB-23334B0AB9C2}.Debug|Any CPU.Build.0 = Debug|Any CPU
		{5C1AE427-047F-46F2-A7EB-23334B0AB9C2}.Release|Any CPU.ActiveCfg = Release|Any CPU
		{5C1AE427-047F-46F2-A7EB-23334B0AB9C2}.Release|Any CPU.Build.0 = Release|Any CPU
		{F4D8E31F-C700-4D34-87AD-6F3547E77DCE}.Debug|Any CPU.ActiveCfg = Debug|Any CPU
		{F4D8E31F-C700-4D34-87AD-6F3547E77DCE}.Debug|Any CPU.Build.0 = Debug|Any CPU
		{F4D8E31F-C700-4D34-87AD-6F3547E77DCE}.Release|Any CPU.ActiveCfg = Release|Any CPU
		{F4D8E31F-C700-4D34-87AD-6F3547E77DCE}.Release|Any CPU.Build.0 = Release|Any CPU
		{74F26D2F-3051-4849-8D75-2B305582AB48}.Debug|Any CPU.ActiveCfg = Debug|Any CPU
		{74F26D2F-3051-4849-8D75-2B305582AB48}.Debug|Any CPU.Build.0 = Debug|Any CPU
		{74F26D2F-3051-4849-8D75-2B305582AB48}.Release|Any CPU.ActiveCfg = Release|Any CPU
		{74F26D2F-3051-4849-8D75-2B305582AB48}.Release|Any CPU.Build.0 = Release|Any CPU
		{091B9308-8301-4FD0-8E0C-0A6C57BAB1C4}.Debug|Any CPU.ActiveCfg = Debug|Any CPU
		{091B9308-8301-4FD0-8E0C-0A6C57BAB1C4}.Debug|Any CPU.Build.0 = Debug|Any CPU
		{091B9308-8301-4FD0-8E0C-0A6C57BAB1C4}.Release|Any CPU.ActiveCfg = Release|Any CPU
		{091B9308-8301-4FD0-8E0C-0A6C57BAB1C4}.Release|Any CPU.Build.0 = Release|Any CPU
		{82782475-4B5F-437B-A942-C9B45D63A0C9}.Debug|Any CPU.ActiveCfg = Debug|Any CPU
		{82782475-4B5F-437B-A942-C9B45D63A0C9}.Debug|Any CPU.Build.0 = Debug|Any CPU
		{82782475-4B5F-437B-A942-C9B45D63A0C9}.Release|Any CPU.ActiveCfg = Release|Any CPU
		{82782475-4B5F-437B-A942-C9B45D63A0C9}.Release|Any CPU.Build.0 = Release|Any CPU
		{39AD457D-91A3-4BD6-9D54-D4AC7BDA76A6}.Debug|Any CPU.ActiveCfg = Debug|Any CPU
		{39AD457D-91A3-4BD6-9D54-D4AC7BDA76A6}.Debug|Any CPU.Build.0 = Debug|Any CPU
		{39AD457D-91A3-4BD6-9D54-D4AC7BDA76A6}.Release|Any CPU.ActiveCfg = Release|Any CPU
		{39AD457D-91A3-4BD6-9D54-D4AC7BDA76A6}.Release|Any CPU.Build.0 = Release|Any CPU
	EndGlobalSection
	GlobalSection(SolutionProperties) = preSolution
		HideSolutionNode = FALSE
	EndGlobalSection
	GlobalSection(NestedProjects) = preSolution
		{F745818A-5331-4167-85FA-C2891CD6D6C7} = {5943EF4F-57F7-4784-8670-010F313DB8FC}
		{FE93970C-6F17-408B-AECE-CF11AC647A07} = {5943EF4F-57F7-4784-8670-010F313DB8FC}
		{8DA9FA5E-74C5-4237-973E-B532A48479EC} = {5943EF4F-57F7-4784-8670-010F313DB8FC}
		{5C1AE427-047F-46F2-A7EB-23334B0AB9C2} = {F745818A-5331-4167-85FA-C2891CD6D6C7}
		{F4D8E31F-C700-4D34-87AD-6F3547E77DCE} = {F745818A-5331-4167-85FA-C2891CD6D6C7}
		{74F26D2F-3051-4849-8D75-2B305582AB48} = {F745818A-5331-4167-85FA-C2891CD6D6C7}
		{091B9308-8301-4FD0-8E0C-0A6C57BAB1C4} = {8DA9FA5E-74C5-4237-973E-B532A48479EC}
		{82782475-4B5F-437B-A942-C9B45D63A0C9} = {F745818A-5331-4167-85FA-C2891CD6D6C7}
		{39AD457D-91A3-4BD6-9D54-D4AC7BDA76A6} = {443757EE-0429-423E-B2CC-55D899E8257E}
	EndGlobalSection
	GlobalSection(ExtensibilityGlobals) = postSolution
		SolutionGuid = {77BCB418-D7DF-430F-AB3F-B991C05ACF04}
	EndGlobalSection
EndGlobal
